// !$*UTF8*$!
{
	archiveVersion = 1;
	classes = {
	};
	objectVersion = 77;
	objects = {

/* Begin PBXBuildFile section */
		6CD785F31991041F1FA4448D /* Pods_MixtdAI.framework in Frameworks */ = {isa = PBXBuildFile; fileRef = BB4703772FCD10C289EEF960 /* Pods_MixtdAI.framework */; };
		A3986D782E363917009C6F14 /* Assets.xcassets in Resources */ = {isa = PBXBuildFile; fileRef = A3986D6B2E363917009C6F14 /* Assets.xcassets */; };
		A3986D792E363917009C6F14 /* AddStoryboard.storyboard in Resources */ = {isa = PBXBuildFile; fileRef = A3986D572E363917009C6F14 /* AddStoryboard.storyboard */; };
		A3986D7A2E363917009C6F14 /* LaunchScreen.storyboard in Resources */ = {isa = PBXBuildFile; fileRef = A3986D702E363917009C6F14 /* LaunchScreen.storyboard */; };
		A3986D7B2E363917009C6F14 /* Main.storyboard in Resources */ = {isa = PBXBuildFile; fileRef = A3986D722E363917009C6F14 /* Main.storyboard */; };
		A3986D7C2E363917009C6F14 /* HomeViewController.swift in Sources */ = {isa = PBXBuildFile; fileRef = A3986D6D2E363917009C6F14 /* HomeViewController.swift */; };
		A3986D7D2E363917009C6F14 /* StringExtention.swift in Sources */ = {isa = PBXBuildFile; fileRef = A3986D612E363917009C6F14 /* StringExtention.swift */; };
		A3986D7E2E363917009C6F14 /* Uiimage+Extention.swift in Sources */ = {isa = PBXBuildFile; fileRef = A3986D642E363917009C6F14 /* Uiimage+Extention.swift */; };
		A3986D7F2E363917009C6F14 /* ImageExtension.swift in Sources */ = {isa = PBXBuildFile; fileRef = A3986D5F2E363917009C6F14 /* ImageExtension.swift */; };
		A3986D802E363917009C6F14 /* UIViewController+Alert.swift in Sources */ = {isa = PBXBuildFile; fileRef = A3986D672E363917009C6F14 /* UIViewController+Alert.swift */; };
		A3986D812E363917009C6F14 /* UIViewExtension.swift in Sources */ = {isa = PBXBuildFile; fileRef = A3986D682E363917009C6F14 /* UIViewExtension.swift */; };
		A3986D822E363917009C6F14 /* UIDevice+Extention.swift in Sources */ = {isa = PBXBuildFile; fileRef = A3986D632E363917009C6F14 /* UIDevice+Extention.swift */; };
		A3986D832E363917009C6F14 /* AppDelegate.swift in Sources */ = {isa = PBXBuildFile; fileRef = A3986D6A2E363917009C6F14 /* AppDelegate.swift */; };
		A3986D842E363917009C6F14 /* UIImage+Rotate.swift in Sources */ = {isa = PBXBuildFile; fileRef = A3986D5C2E363917009C6F14 /* UIImage+Rotate.swift */; };
		A3986D852E363917009C6F14 /* UIView+extention.swift in Sources */ = {isa = PBXBuildFile; fileRef = A3986D662E363917009C6F14 /* UIView+extention.swift */; };
		A3986D862E363917009C6F14 /* UILabel+Extensions.swift in Sources */ = {isa = PBXBuildFile; fileRef = A3986D652E363917009C6F14 /* UILabel+Extensions.swift */; };
		A3986D872E363917009C6F14 /* AddViewController.swift in Sources */ = {isa = PBXBuildFile; fileRef = A3986D582E363917009C6F14 /* AddViewController.swift */; };
		A3986D882E363917009C6F14 /* SceneDelegate.swift in Sources */ = {isa = PBXBuildFile; fileRef = A3986D752E363917009C6F14 /* SceneDelegate.swift */; };
		A3986D892E363917009C6F14 /* UIColor+Extension.swift in Sources */ = {isa = PBXBuildFile; fileRef = A3986D622E363917009C6F14 /* UIColor+Extension.swift */; };
		A3986D8A2E363917009C6F14 /* iOSDevCenters+GIF.swift in Sources */ = {isa = PBXBuildFile; fileRef = A3986D602E363917009C6F14 /* iOSDevCenters+GIF.swift */; };
		A3986D8B2E363917009C6F14 /* MetaSelectionViewController.swift in Sources */ = {isa = PBXBuildFile; fileRef = A3986D592E363917009C6F14 /* MetaSelectionViewController.swift */; };
		A3986D8C2E363917009C6F14 /* Comet.swift in Sources */ = {isa = PBXBuildFile; fileRef = A3986D5B2E363917009C6F14 /* Comet.swift */; };
		A3986D8D2E363917009C6F14 /* DebugLog.swift in Sources */ = {isa = PBXBuildFile; fileRef = A3986D6C2E363917009C6F14 /* DebugLog.swift */; };
		A3986D8E2E363917009C6F14 /* MixtdAI.xcdatamodeld in Sources */ = {isa = PBXBuildFile; fileRef = A3986D742E363917009C6F14 /* MixtdAI.xcdatamodeld */; };
		A3986D942E363C95009C6F14 /* ChatGPTService.swift in Sources */ = {isa = PBXBuildFile; fileRef = A3986D922E363C95009C6F14 /* ChatGPTService.swift */; };
		A3986D982E363E97009C6F14 /* HUDManager.swift in Sources */ = {isa = PBXBuildFile; fileRef = A3986D972E363E97009C6F14 /* HUDManager.swift */; };
		A3986D9C2E3655DB009C6F14 /* AddMixDataDetailsVC.swift in Sources */ = {isa = PBXBuildFile; fileRef = A3986D9B2E3655DB009C6F14 /* AddMixDataDetailsVC.swift */; };
		A3986DA72E38A747009C6F14 /* Extensions.swift in Sources */ = {isa = PBXBuildFile; fileRef = A3986DA62E38A747009C6F14 /* Extensions.swift */; };
		A3986DA92E38ADF8009C6F14 /* SplashAnimationView.swift in Sources */ = {isa = PBXBuildFile; fileRef = A3986DA82E38ADF8009C6F14 /* SplashAnimationView.swift */; };
		A3986DAB2E38AF2B009C6F14 /* LoaderAnimationView.swift in Sources */ = {isa = PBXBuildFile; fileRef = A3986DAA2E38AF2B009C6F14 /* LoaderAnimationView.swift */; };
		A3986DAF2E38C3D6009C6F14 /* InstagramGradientView.swift in Sources */ = {isa = PBXBuildFile; fileRef = A3986DAE2E38C3D6009C6F14 /* InstagramGradientView.swift */; };
		A3986DB12E3939C8009C6F14 /* Share+Pdf.swift in Sources */ = {isa = PBXBuildFile; fileRef = A3986DB02E3939C8009C6F14 /* Share+Pdf.swift */; };
		A3986DB32E3CCAC0009C6F14 /* MixDetailsCell.swift in Sources */ = {isa = PBXBuildFile; fileRef = A3986DB22E3CCAC0009C6F14 /* MixDetailsCell.swift */; };
		A3986DB52E3CD435009C6F14 /* SeachDataVC.swift in Sources */ = {isa = PBXBuildFile; fileRef = A3986DB42E3CD435009C6F14 /* SeachDataVC.swift */; };
		A3986DB72E3CD971009C6F14 /* BeerTableViewCell.swift in Sources */ = {isa = PBXBuildFile; fileRef = A3986DB62E3CD971009C6F14 /* BeerTableViewCell.swift */; };
/* End PBXBuildFile section */

/* Begin PBXFileReference section */
		66718288F766C59DC53326FD /* Pods-MixtdAI.debug.xcconfig */ = {isa = PBXFileReference; includeInIndex = 1; lastKnownFileType = text.xcconfig; name = "Pods-MixtdAI.debug.xcconfig"; path = "Target Support Files/Pods-MixtdAI/Pods-MixtdAI.debug.xcconfig"; sourceTree = "<group>"; };
		A38B6F8D2E333DCD00BEB054 /* MixtdAI.app */ = {isa = PBXFileReference; explicitFileType = wrapper.application; includeInIndex = 0; path = MixtdAI.app; sourceTree = BUILT_PRODUCTS_DIR; };
		A3986D572E363917009C6F14 /* AddStoryboard.storyboard */ = {isa = PBXFileReference; lastKnownFileType = file.storyboard; path = AddStoryboard.storyboard; sourceTree = "<group>"; };
		A3986D582E363917009C6F14 /* AddViewController.swift */ = {isa = PBXFileReference; lastKnownFileType = sourcecode.swift; path = AddViewController.swift; sourceTree = "<group>"; };
		A3986D592E363917009C6F14 /* MetaSelectionViewController.swift */ = {isa = PBXFileReference; lastKnownFileType = sourcecode.swift; path = MetaSelectionViewController.swift; sourceTree = "<group>"; };
		A3986D5B2E363917009C6F14 /* Comet.swift */ = {isa = PBXFileReference; lastKnownFileType = sourcecode.swift; path = Comet.swift; sourceTree = "<group>"; };
		A3986D5C2E363917009C6F14 /* UIImage+Rotate.swift */ = {isa = PBXFileReference; lastKnownFileType = sourcecode.swift; path = "UIImage+Rotate.swift"; sourceTree = "<group>"; };
		A3986D5F2E363917009C6F14 /* ImageExtension.swift */ = {isa = PBXFileReference; lastKnownFileType = sourcecode.swift; path = ImageExtension.swift; sourceTree = "<group>"; };
		A3986D602E363917009C6F14 /* iOSDevCenters+GIF.swift */ = {isa = PBXFileReference; lastKnownFileType = sourcecode.swift; path = "iOSDevCenters+GIF.swift"; sourceTree = "<group>"; };
		A3986D612E363917009C6F14 /* StringExtention.swift */ = {isa = PBXFileReference; lastKnownFileType = sourcecode.swift; path = StringExtention.swift; sourceTree = "<group>"; };
		A3986D622E363917009C6F14 /* UIColor+Extension.swift */ = {isa = PBXFileReference; lastKnownFileType = sourcecode.swift; path = "UIColor+Extension.swift"; sourceTree = "<group>"; };
		A3986D632E363917009C6F14 /* UIDevice+Extention.swift */ = {isa = PBXFileReference; lastKnownFileType = sourcecode.swift; path = "UIDevice+Extention.swift"; sourceTree = "<group>"; };
		A3986D642E363917009C6F14 /* Uiimage+Extention.swift */ = {isa = PBXFileReference; lastKnownFileType = sourcecode.swift; path = "Uiimage+Extention.swift"; sourceTree = "<group>"; };
		A3986D652E363917009C6F14 /* UILabel+Extensions.swift */ = {isa = PBXFileReference; lastKnownFileType = sourcecode.swift; path = "UILabel+Extensions.swift"; sourceTree = "<group>"; };
		A3986D662E363917009C6F14 /* UIView+extention.swift */ = {isa = PBXFileReference; lastKnownFileType = sourcecode.swift; path = "UIView+extention.swift"; sourceTree = "<group>"; };
		A3986D672E363917009C6F14 /* UIViewController+Alert.swift */ = {isa = PBXFileReference; lastKnownFileType = sourcecode.swift; path = "UIViewController+Alert.swift"; sourceTree = "<group>"; };
		A3986D682E363917009C6F14 /* UIViewExtension.swift */ = {isa = PBXFileReference; lastKnownFileType = sourcecode.swift; path = UIViewExtension.swift; sourceTree = "<group>"; };
		A3986D6A2E363917009C6F14 /* AppDelegate.swift */ = {isa = PBXFileReference; lastKnownFileType = sourcecode.swift; path = AppDelegate.swift; sourceTree = "<group>"; };
		A3986D6B2E363917009C6F14 /* Assets.xcassets */ = {isa = PBXFileReference; lastKnownFileType = folder.assetcatalog; path = Assets.xcassets; sourceTree = "<group>"; };
		A3986D6C2E363917009C6F14 /* DebugLog.swift */ = {isa = PBXFileReference; lastKnownFileType = sourcecode.swift; path = DebugLog.swift; sourceTree = "<group>"; };
		A3986D6D2E363917009C6F14 /* HomeViewController.swift */ = {isa = PBXFileReference; lastKnownFileType = sourcecode.swift; path = HomeViewController.swift; sourceTree = "<group>"; };
		A3986D6E2E363917009C6F14 /* Info.plist */ = {isa = PBXFileReference; lastKnownFileType = text.plist.xml; path = Info.plist; sourceTree = "<group>"; };
		A3986D6F2E363917009C6F14 /* Base */ = {isa = PBXFileReference; lastKnownFileType = file.storyboard; name = Base; path = Base.lproj/LaunchScreen.storyboard; sourceTree = "<group>"; };
		A3986D712E363917009C6F14 /* Base */ = {isa = PBXFileReference; lastKnownFileType = file.storyboard; name = Base; path = Base.lproj/Main.storyboard; sourceTree = "<group>"; };
		A3986D732E363917009C6F14 /* MixtdAI.entitlements */ = {isa = PBXFileReference; lastKnownFileType = text.plist.entitlements; path = MixtdAI.entitlements; sourceTree = "<group>"; };
		A3986D752E363917009C6F14 /* SceneDelegate.swift */ = {isa = PBXFileReference; lastKnownFileType = sourcecode.swift; path = SceneDelegate.swift; sourceTree = "<group>"; };
		A3986D772E363917009C6F14 /* MixtdAI.xcdatamodel */ = {isa = PBXFileReference; lastKnownFileType = wrapper.xcdatamodel; path = MixtdAI.xcdatamodel; sourceTree = "<group>"; };
		A3986D922E363C95009C6F14 /* ChatGPTService.swift */ = {isa = PBXFileReference; lastKnownFileType = sourcecode.swift; path = ChatGPTService.swift; sourceTree = "<group>"; };
		A3986D972E363E97009C6F14 /* HUDManager.swift */ = {isa = PBXFileReference; lastKnownFileType = sourcecode.swift; path = HUDManager.swift; sourceTree = "<group>"; };
		A3986D9B2E3655DB009C6F14 /* AddMixDataDetailsVC.swift */ = {isa = PBXFileReference; lastKnownFileType = sourcecode.swift; path = AddMixDataDetailsVC.swift; sourceTree = "<group>"; };
		A3986DA62E38A747009C6F14 /* Extensions.swift */ = {isa = PBXFileReference; lastKnownFileType = sourcecode.swift; path = Extensions.swift; sourceTree = "<group>"; };
		A3986DA82E38ADF8009C6F14 /* SplashAnimationView.swift */ = {isa = PBXFileReference; lastKnownFileType = sourcecode.swift; path = SplashAnimationView.swift; sourceTree = "<group>"; };
		A3986DAA2E38AF2B009C6F14 /* LoaderAnimationView.swift */ = {isa = PBXFileReference; lastKnownFileType = sourcecode.swift; path = LoaderAnimationView.swift; sourceTree = "<group>"; };
		A3986DAE2E38C3D6009C6F14 /* InstagramGradientView.swift */ = {isa = PBXFileReference; lastKnownFileType = sourcecode.swift; path = InstagramGradientView.swift; sourceTree = "<group>"; };
		A3986DB02E3939C8009C6F14 /* Share+Pdf.swift */ = {isa = PBXFileReference; lastKnownFileType = sourcecode.swift; path = "Share+Pdf.swift"; sourceTree = "<group>"; };
		A3986DB22E3CCAC0009C6F14 /* MixDetailsCell.swift */ = {isa = PBXFileReference; lastKnownFileType = sourcecode.swift; path = MixDetailsCell.swift; sourceTree = "<group>"; };
		A3986DB42E3CD435009C6F14 /* SeachDataVC.swift */ = {isa = PBXFileReference; lastKnownFileType = sourcecode.swift; path = SeachDataVC.swift; sourceTree = "<group>"; };
		A3986DB62E3CD971009C6F14 /* BeerTableViewCell.swift */ = {isa = PBXFileReference; lastKnownFileType = sourcecode.swift; path = BeerTableViewCell.swift; sourceTree = "<group>"; };
		BB4703772FCD10C289EEF960 /* Pods_MixtdAI.framework */ = {isa = PBXFileReference; explicitFileType = wrapper.framework; includeInIndex = 0; path = Pods_MixtdAI.framework; sourceTree = BUILT_PRODUCTS_DIR; };
		BD77AE624F8D58280FCD5C01 /* Pods-MixtdAI.release.xcconfig */ = {isa = PBXFileReference; includeInIndex = 1; lastKnownFileType = text.xcconfig; name = "Pods-MixtdAI.release.xcconfig"; path = "Target Support Files/Pods-MixtdAI/Pods-MixtdAI.release.xcconfig"; sourceTree = "<group>"; };
/* End PBXFileReference section */

/* Begin PBXFrameworksBuildPhase section */
		A38B6F8A2E333DCD00BEB054 /* Frameworks */ = {
			isa = PBXFrameworksBuildPhase;
			buildActionMask = 2147483647;
			files = (
				6CD785F31991041F1FA4448D /* Pods_MixtdAI.framework in Frameworks */,
			);
			runOnlyForDeploymentPostprocessing = 0;
		};
/* End PBXFrameworksBuildPhase section */

/* Begin PBXGroup section */
		2D89519C6A0FA1EA7C94CBD9 /* Frameworks */ = {
			isa = PBXGroup;
			children = (
				BB4703772FCD10C289EEF960 /* Pods_MixtdAI.framework */,
			);
			name = Frameworks;
			sourceTree = "<group>";
		};
		A38B6F842E333DCD00BEB054 = {
			isa = PBXGroup;
			children = (
				A3986D762E363917009C6F14 /* MixtdAI */,
				A3986CA72E3638DE009C6F14 /* New Group */,
				A38B6F8E2E333DCD00BEB054 /* Products */,
				C34326D01BD11262C7CA57D3 /* Pods */,
				2D89519C6A0FA1EA7C94CBD9 /* Frameworks */,
			);
			sourceTree = "<group>";
		};
		A38B6F8E2E333DCD00BEB054 /* Products */ = {
			isa = PBXGroup;
			children = (
				A38B6F8D2E333DCD00BEB054 /* MixtdAI.app */,
			);
			name = Products;
			sourceTree = "<group>";
		};
		A3986CA72E3638DE009C6F14 /* New Group */ = {
			isa = PBXGroup;
			children = (
			);
			path = "New Group";
			sourceTree = "<group>";
		};
		A3986D5A2E363917009C6F14 /* AddViews */ = {
			isa = PBXGroup;
			children = (
				A3986DB62E3CD971009C6F14 /* BeerTableViewCell.swift */,
				A3986DB22E3CCAC0009C6F14 /* MixDetailsCell.swift */,
				A3986D9B2E3655DB009C6F14 /* AddMixDataDetailsVC.swift */,
				A3986D572E363917009C6F14 /* AddStoryboard.storyboard */,
				A3986D582E363917009C6F14 /* AddViewController.swift */,
				A3986D592E363917009C6F14 /* MetaSelectionViewController.swift */,
				A3986DB42E3CD435009C6F14 /* SeachDataVC.swift */,
			);
			path = AddViews;
			sourceTree = "<group>";
		};
		A3986D5D2E363917009C6F14 /* Sources */ = {
			isa = PBXGroup;
			children = (
				A3986D5B2E363917009C6F14 /* Comet.swift */,
				A3986D5C2E363917009C6F14 /* UIImage+Rotate.swift */,
			);
			path = Sources;
			sourceTree = "<group>";
		};
		A3986D5E2E363917009C6F14 /* Comet */ = {
			isa = PBXGroup;
			children = (
				A3986D5D2E363917009C6F14 /* Sources */,
			);
			path = Comet;
			sourceTree = "<group>";
		};
		A3986D692E363917009C6F14 /* Extension */ = {
			isa = PBXGroup;
			children = (
				A3986D5F2E363917009C6F14 /* ImageExtension.swift */,
				A3986D602E363917009C6F14 /* iOSDevCenters+GIF.swift */,
				A3986D612E363917009C6F14 /* StringExtention.swift */,
				A3986D622E363917009C6F14 /* UIColor+Extension.swift */,
				A3986D632E363917009C6F14 /* UIDevice+Extention.swift */,
				A3986D642E363917009C6F14 /* Uiimage+Extention.swift */,
				A3986D652E363917009C6F14 /* UILabel+Extensions.swift */,
				A3986D662E363917009C6F14 /* UIView+extention.swift */,
				A3986D672E363917009C6F14 /* UIViewController+Alert.swift */,
				A3986D682E363917009C6F14 /* UIViewExtension.swift */,
			);
			path = Extension;
			sourceTree = "<group>";
		};
		A3986D762E363917009C6F14 /* MixtdAI */ = {
			isa = PBXGroup;
			children = (
				A3986D962E363E92009C6F14 /* Utility */,
				A3986D932E363C95009C6F14 /* ChatGPT */,
				A3986D5A2E363917009C6F14 /* AddViews */,
				A3986D5E2E363917009C6F14 /* Comet */,
				A3986D692E363917009C6F14 /* Extension */,
				A3986D6A2E363917009C6F14 /* AppDelegate.swift */,
				A3986D6B2E363917009C6F14 /* Assets.xcassets */,
				A3986D6C2E363917009C6F14 /* DebugLog.swift */,
				A3986D6D2E363917009C6F14 /* HomeViewController.swift */,
				A3986D6E2E363917009C6F14 /* Info.plist */,
				A3986D702E363917009C6F14 /* LaunchScreen.storyboard */,
				A3986D722E363917009C6F14 /* Main.storyboard */,
				A3986D732E363917009C6F14 /* MixtdAI.entitlements */,
				A3986D742E363917009C6F14 /* MixtdAI.xcdatamodeld */,
				A3986D752E363917009C6F14 /* SceneDelegate.swift */,
			);
			path = MixtdAI;
			sourceTree = "<group>";
		};
		A3986D932E363C95009C6F14 /* ChatGPT */ = {
			isa = PBXGroup;
			children = (
				A3986D922E363C95009C6F14 /* ChatGPTService.swift */,
			);
			path = ChatGPT;
			sourceTree = "<group>";
		};
		A3986D962E363E92009C6F14 /* Utility */ = {
			isa = PBXGroup;
			children = (
				A3986DB02E3939C8009C6F14 /* Share+Pdf.swift */,
				A3986DAE2E38C3D6009C6F14 /* InstagramGradientView.swift */,
				A3986DAA2E38AF2B009C6F14 /* LoaderAnimationView.swift */,
				A3986DA82E38ADF8009C6F14 /* SplashAnimationView.swift */,
				A3986DA62E38A747009C6F14 /* Extensions.swift */,
				A3986D972E363E97009C6F14 /* HUDManager.swift */,
			);
			path = Utility;
			sourceTree = "<group>";
		};
		C34326D01BD11262C7CA57D3 /* Pods */ = {
			isa = PBXGroup;
			children = (
				66718288F766C59DC53326FD /* Pods-MixtdAI.debug.xcconfig */,
				BD77AE624F8D58280FCD5C01 /* Pods-MixtdAI.release.xcconfig */,
			);
			path = Pods;
			sourceTree = "<group>";
		};
/* End PBXGroup section */

/* Begin PBXNativeTarget section */
		A38B6F8C2E333DCD00BEB054 /* MixtdAI */ = {
			isa = PBXNativeTarget;
			buildConfigurationList = A38B6FA32E333DCF00BEB054 /* Build configuration list for PBXNativeTarget "MixtdAI" */;
			buildPhases = (
				76344D0E003468D73B1336B6 /* [CP] Check Pods Manifest.lock */,
				A38B6F892E333DCD00BEB054 /* Sources */,
				A38B6F8A2E333DCD00BEB054 /* Frameworks */,
				A38B6F8B2E333DCD00BEB054 /* Resources */,
				D367F62DC9F8A548EDB0E043 /* [CP] Embed Pods Frameworks */,
			);
			buildRules = (
			);
			dependencies = (
			);
			name = MixtdAI;
			productName = MixtdAI;
			productReference = A38B6F8D2E333DCD00BEB054 /* MixtdAI.app */;
			productType = "com.apple.product-type.application";
		};
/* End PBXNativeTarget section */

/* Begin PBXProject section */
		A38B6F852E333DCD00BEB054 /* Project object */ = {
			isa = PBXProject;
			attributes = {
				BuildIndependentTargetsInParallel = 1;
				LastSwiftUpdateCheck = 1640;
				LastUpgradeCheck = 1640;
				TargetAttributes = {
					A38B6F8C2E333DCD00BEB054 = {
						CreatedOnToolsVersion = 16.4;
					};
				};
			};
			buildConfigurationList = A38B6F882E333DCD00BEB054 /* Build configuration list for PBXProject "MixtdAI" */;
			developmentRegion = en;
			hasScannedForEncodings = 0;
			knownRegions = (
				en,
				Base,
			);
			mainGroup = A38B6F842E333DCD00BEB054;
			minimizedProjectReferenceProxies = 1;
			preferredProjectObjectVersion = 77;
			productRefGroup = A38B6F8E2E333DCD00BEB054 /* Products */;
			projectDirPath = "";
			projectRoot = "";
			targets = (
				A38B6F8C2E333DCD00BEB054 /* MixtdAI */,
			);
		};
/* End PBXProject section */

/* Begin PBXResourcesBuildPhase section */
		A38B6F8B2E333DCD00BEB054 /* Resources */ = {
			isa = PBXResourcesBuildPhase;
			buildActionMask = 2147483647;
			files = (
				A3986D782E363917009C6F14 /* Assets.xcassets in Resources */,
				A3986D792E363917009C6F14 /* AddStoryboard.storyboard in Resources */,
				A3986D7A2E363917009C6F14 /* LaunchScreen.storyboard in Resources */,
				A3986D7B2E363917009C6F14 /* Main.storyboard in Resources */,
			);
			runOnlyForDeploymentPostprocessing = 0;
		};
/* End PBXResourcesBuildPhase section */

/* Begin PBXShellScriptBuildPhase section */
		76344D0E003468D73B1336B6 /* [CP] Check Pods Manifest.lock */ = {
			isa = PBXShellScriptBuildPhase;
			buildActionMask = 2147483647;
			files = (
			);
			inputFileListPaths = (
			);
			inputPaths = (
				"${PODS_PODFILE_DIR_PATH}/Podfile.lock",
				"${PODS_ROOT}/Manifest.lock",
			);
			name = "[CP] Check Pods Manifest.lock";
			outputFileListPaths = (
			);
			outputPaths = (
				"$(DERIVED_FILE_DIR)/Pods-MixtdAI-checkManifestLockResult.txt",
			);
			runOnlyForDeploymentPostprocessing = 0;
			shellPath = /bin/sh;
			shellScript = "diff \"${PODS_PODFILE_DIR_PATH}/Podfile.lock\" \"${PODS_ROOT}/Manifest.lock\" > /dev/null\nif [ $? != 0 ] ; then\n    # print error to STDERR\n    echo \"error: The sandbox is not in sync with the Podfile.lock. Run 'pod install' or update your CocoaPods installation.\" >&2\n    exit 1\nfi\n# This output is used by Xcode 'outputs' to avoid re-running this script phase.\necho \"SUCCESS\" > \"${SCRIPT_OUTPUT_FILE_0}\"\n";
			showEnvVarsInLog = 0;
		};
		D367F62DC9F8A548EDB0E043 /* [CP] Embed Pods Frameworks */ = {
			isa = PBXShellScriptBuildPhase;
			buildActionMask = 2147483647;
			files = (
			);
			inputFileListPaths = (
				"${PODS_ROOT}/Target Support Files/Pods-MixtdAI/Pods-MixtdAI-frameworks-${CONFIGURATION}-input-files.xcfilelist",
			);
			inputPaths = (
			);
			name = "[CP] Embed Pods Frameworks";
			outputFileListPaths = (
				"${PODS_ROOT}/Target Support Files/Pods-MixtdAI/Pods-MixtdAI-frameworks-${CONFIGURATION}-output-files.xcfilelist",
			);
			outputPaths = (
			);
			runOnlyForDeploymentPostprocessing = 0;
			shellPath = /bin/sh;
			shellScript = "\"${PODS_ROOT}/Target Support Files/Pods-MixtdAI/Pods-MixtdAI-frameworks.sh\"\n";
			showEnvVarsInLog = 0;
		};
/* End PBXShellScriptBuildPhase section */

/* Begin PBXSourcesBuildPhase section */
		A38B6F892E333DCD00BEB054 /* Sources */ = {
			isa = PBXSourcesBuildPhase;
			buildActionMask = 2147483647;
			files = (
				A3986DA72E38A747009C6F14 /* Extensions.swift in Sources */,
				A3986D9C2E3655DB009C6F14 /* AddMixDataDetailsVC.swift in Sources */,
				A3986DA92E38ADF8009C6F14 /* SplashAnimationView.swift in Sources */,
				A3986D7C2E363917009C6F14 /* HomeViewController.swift in Sources */,
				A3986D7D2E363917009C6F14 /* StringExtention.swift in Sources */,
				A3986D7E2E363917009C6F14 /* Uiimage+Extention.swift in Sources */,
				A3986D7F2E363917009C6F14 /* ImageExtension.swift in Sources */,
				A3986D802E363917009C6F14 /* UIViewController+Alert.swift in Sources */,
				A3986D812E363917009C6F14 /* UIViewExtension.swift in Sources */,
				A3986DAB2E38AF2B009C6F14 /* LoaderAnimationView.swift in Sources */,
				A3986D822E363917009C6F14 /* UIDevice+Extention.swift in Sources */,
				A3986DB12E3939C8009C6F14 /* Share+Pdf.swift in Sources */,
				A3986DB52E3CD435009C6F14 /* SeachDataVC.swift in Sources */,
				A3986DAF2E38C3D6009C6F14 /* InstagramGradientView.swift in Sources */,
				A3986D8E2E363917009C6F14 /* MixtdAI.xcdatamodeld in Sources */,
				A3986D832E363917009C6F14 /* AppDelegate.swift in Sources */,
				A3986D842E363917009C6F14 /* UIImage+Rotate.swift in Sources */,
				A3986D852E363917009C6F14 /* UIView+extention.swift in Sources */,
				A3986D862E363917009C6F14 /* UILabel+Extensions.swift in Sources */,
				A3986DB72E3CD971009C6F14 /* BeerTableViewCell.swift in Sources */,
				A3986D872E363917009C6F14 /* AddViewController.swift in Sources */,
				A3986DB32E3CCAC0009C6F14 /* MixDetailsCell.swift in Sources */,
				A3986D882E363917009C6F14 /* SceneDelegate.swift in Sources */,
				A3986D892E363917009C6F14 /* UIColor+Extension.swift in Sources */,
				A3986D8A2E363917009C6F14 /* iOSDevCenters+GIF.swift in Sources */,
				A3986D8B2E363917009C6F14 /* MetaSelectionViewController.swift in Sources */,
				A3986D8C2E363917009C6F14 /* Comet.swift in Sources */,
				A3986D982E363E97009C6F14 /* HUDManager.swift in Sources */,
				A3986D8D2E363917009C6F14 /* DebugLog.swift in Sources */,
				A3986D942E363C95009C6F14 /* ChatGPTService.swift in Sources */,
			);
			runOnlyForDeploymentPostprocessing = 0;
		};
/* End PBXSourcesBuildPhase section */

/* Begin PBXVariantGroup section */
		A3986D702E363917009C6F14 /* LaunchScreen.storyboard */ = {
			isa = PBXVariantGroup;
			children = (
				A3986D6F2E363917009C6F14 /* Base */,
			);
			name = LaunchScreen.storyboard;
			sourceTree = "<group>";
		};
		A3986D722E363917009C6F14 /* Main.storyboard */ = {
			isa = PBXVariantGroup;
			children = (
				A3986D712E363917009C6F14 /* Base */,
			);
			name = Main.storyboard;
			sourceTree = "<group>";
		};
/* End PBXVariantGroup section */

/* Begin XCBuildConfiguration section */
		A38B6FA42E333DCF00BEB054 /* Debug */ = {
			isa = XCBuildConfiguration;
			baseConfigurationReference = 66718288F766C59DC53326FD /* Pods-MixtdAI.debug.xcconfig */;
			buildSettings = {
				ASSETCATALOG_COMPILER_APPICON_NAME = AppIcon;
				ASSETCATALOG_COMPILER_GLOBAL_ACCENT_COLOR_NAME = AccentColor;
				CODE_SIGN_ENTITLEMENTS = MixtdAI/MixtdAI.entitlements;
				"CODE_SIGN_IDENTITY[sdk=iphoneos*]" = "iPhone Developer";
				CODE_SIGN_STYLE = Manual;
				CURRENT_PROJECT_VERSION = 22;
				DEVELOPMENT_TEAM = "";
				"DEVELOPMENT_TEAM[sdk=iphoneos*]" = UAEU5N39XX;
				ENABLE_USER_SCRIPT_SANDBOXING = NO;
				GENERATE_INFOPLIST_FILE = YES;
				INFOPLIST_FILE = MixtdAI/Info.plist;
				INFOPLIST_KEY_CFBundleDisplayName = "Mixtd AI";
				INFOPLIST_KEY_NSCameraUsageDescription = "We access the camera to allow members to save inspirational and informational photos provided by MixtdAI and update your profile picture.";
				INFOPLIST_KEY_NSPhotoLibraryUsageDescription = "We access the gallery to allow members to save";
				INFOPLIST_KEY_UIApplicationSupportsIndirectInputEvents = YES;
				INFOPLIST_KEY_UILaunchStoryboardName = LaunchScreen;
				INFOPLIST_KEY_UIMainStoryboardFile = Main;
				INFOPLIST_KEY_UISupportedInterfaceOrientations = UIInterfaceOrientationPortrait;
				INFOPLIST_KEY_UISupportedInterfaceOrientations_iPad = "UIInterfaceOrientationLandscapeLeft UIInterfaceOrientationLandscapeRight UIInterfaceOrientationPortrait UIInterfaceOrientationPortraitUpsideDown";
				LD_RUNPATH_SEARCH_PATHS = (
					"$(inherited)",
					"@executable_path/Frameworks",
				);
				MARKETING_VERSION = 1.0;
				PRODUCT_BUNDLE_IDENTIFIER = com.mixtdai.app;
				PRODUCT_NAME = "$(TARGET_NAME)";
				PROVISIONING_PROFILE_SPECIFIER = "";
				"PROVISIONING_PROFILE_SPECIFIER[sdk=iphoneos*]" = MixtdaiDev;
				SWIFT_EMIT_LOC_STRINGS = YES;
				SWIFT_VERSION = 5.0;
				TARGETED_DEVICE_FAMILY = "1,2";
			};
			name = Debug;
		};
		A38B6FA52E333DCF00BEB054 /* Release */ = {
			isa = XCBuildConfiguration;
			baseConfigurationReference = BD77AE624F8D58280FCD5C01 /* Pods-MixtdAI.release.xcconfig */;
			buildSettings = {
				ASSETCATALOG_COMPILER_APPICON_NAME = AppIcon;
				ASSETCATALOG_COMPILER_GLOBAL_ACCENT_COLOR_NAME = AccentColor;
				CODE_SIGN_ENTITLEMENTS = MixtdAI/MixtdAI.entitlements;
				"CODE_SIGN_IDENTITY[sdk=iphoneos*]" = "iPhone Distribution";
				CODE_SIGN_STYLE = Manual;
				CURRENT_PROJECT_VERSION = 22;
				DEVELOPMENT_TEAM = "";
				"DEVELOPMENT_TEAM[sdk=iphoneos*]" = UAEU5N39XX;
				ENABLE_USER_SCRIPT_SANDBOXING = NO;
				GENERATE_INFOPLIST_FILE = YES;
				INFOPLIST_FILE = MixtdAI/Info.plist;
				INFOPLIST_KEY_CFBundleDisplayName = "Mixtd AI";
				INFOPLIST_KEY_NSCameraUsageDescription = "We access the camera to allow members to save inspirational and informational photos provided by MixtdAI and update your profile picture.";
				INFOPLIST_KEY_NSPhotoLibraryUsageDescription = "We access the gallery to allow members to save";
				INFOPLIST_KEY_UIApplicationSupportsIndirectInputEvents = YES;
				INFOPLIST_KEY_UILaunchStoryboardName = LaunchScreen;
				INFOPLIST_KEY_UIMainStoryboardFile = Main;
				INFOPLIST_KEY_UISupportedInterfaceOrientations = UIInterfaceOrientationPortrait;
				INFOPLIST_KEY_UISupportedInterfaceOrientations_iPad = "UIInterfaceOrientationLandscapeLeft UIInterfaceOrientationLandscapeRight UIInterfaceOrientationPortrait UIInterfaceOrientationPortraitUpsideDown";
				LD_RUNPATH_SEARCH_PATHS = (
					"$(inherited)",
					"@executable_path/Frameworks",
				);
				MARKETING_VERSION = 1.0;
				PRODUCT_BUNDLE_IDENTIFIER = com.mixtdai.app;
				PRODUCT_NAME = "$(TARGET_NAME)";
				PROVISIONING_PROFILE_SPECIFIER = "";
				"PROVISIONING_PROFILE_SPECIFIER[sdk=iphoneos*]" = MixtdaiAppstore;
				SWIFT_EMIT_LOC_STRINGS = YES;
				SWIFT_VERSION = 5.0;
				TARGETED_DEVICE_FAMILY = "1,2";
			};
			name = Release;
		};
		A38B6FA62E333DCF00BEB054 /* Debug */ = {
			isa = XCBuildConfiguration;
			buildSettings = {
				ALWAYS_SEARCH_USER_PATHS = NO;
				ASSETCATALOG_COMPILER_GENERATE_SWIFT_ASSET_SYMBOL_EXTENSIONS = YES;
				CLANG_ANALYZER_NONNULL = YES;
				CLANG_ANALYZER_NUMBER_OBJECT_CONVERSION = YES_AGGRESSIVE;
				CLANG_CXX_LANGUAGE_STANDARD = "gnu++20";
				CLANG_ENABLE_MODULES = YES;
				CLANG_ENABLE_OBJC_ARC = YES;
				CLANG_ENABLE_OBJC_WEAK = YES;
				CLANG_WARN_BLOCK_CAPTURE_AUTORELEASING = YES;
				CLANG_WARN_BOOL_CONVERSION = YES;
				CLANG_WARN_COMMA = YES;
				CLANG_WARN_CONSTANT_CONVERSION = YES;
				CLANG_WARN_DEPRECATED_OBJC_IMPLEMENTATIONS = YES;
				CLANG_WARN_DIRECT_OBJC_ISA_USAGE = YES_ERROR;
				CLANG_WARN_DOCUMENTATION_COMMENTS = YES;
				CLANG_WARN_EMPTY_BODY = YES;
				CLANG_WARN_ENUM_CONVERSION = YES;
				CLANG_WARN_INFINITE_RECURSION = YES;
				CLANG_WARN_INT_CONVERSION = YES;
				CLANG_WARN_NON_LITERAL_NULL_CONVERSION = YES;
				CLANG_WARN_OBJC_IMPLICIT_RETAIN_SELF = YES;
				CLANG_WARN_OBJC_LITERAL_CONVERSION = YES;
				CLANG_WARN_OBJC_ROOT_CLASS = YES_ERROR;
				CLANG_WARN_QUOTED_INCLUDE_IN_FRAMEWORK_HEADER = YES;
				CLANG_WARN_RANGE_LOOP_ANALYSIS = YES;
				CLANG_WARN_STRICT_PROTOTYPES = YES;
				CLANG_WARN_SUSPICIOUS_MOVE = YES;
				CLANG_WARN_UNGUARDED_AVAILABILITY = YES_AGGRESSIVE;
				CLANG_WARN_UNREACHABLE_CODE = YES;
				CLANG_WARN__DUPLICATE_METHOD_MATCH = YES;
				COPY_PHASE_STRIP = NO;
				DEBUG_INFORMATION_FORMAT = dwarf;
				ENABLE_STRICT_OBJC_MSGSEND = YES;
				ENABLE_TESTABILITY = YES;
				ENABLE_USER_SCRIPT_SANDBOXING = YES;
				GCC_C_LANGUAGE_STANDARD = gnu17;
				GCC_DYNAMIC_NO_PIC = NO;
				GCC_NO_COMMON_BLOCKS = YES;
				GCC_OPTIMIZATION_LEVEL = 0;
				GCC_PREPROCESSOR_DEFINITIONS = (
					"DEBUG=1",
					"$(inherited)",
				);
				GCC_WARN_64_TO_32_BIT_CONVERSION = YES;
				GCC_WARN_ABOUT_RETURN_TYPE = YES_ERROR;
				GCC_WARN_UNDECLARED_SELECTOR = YES;
				GCC_WARN_UNINITIALIZED_AUTOS = YES_AGGRESSIVE;
				GCC_WARN_UNUSED_FUNCTION = YES;
				GCC_WARN_UNUSED_VARIABLE = YES;
				IPHONEOS_DEPLOYMENT_TARGET = 18.5;
				LOCALIZATION_PREFERS_STRING_CATALOGS = YES;
				MTL_ENABLE_DEBUG_INFO = INCLUDE_SOURCE;
				MTL_FAST_MATH = YES;
				ONLY_ACTIVE_ARCH = YES;
				SDKROOT = iphoneos;
				SWIFT_ACTIVE_COMPILATION_CONDITIONS = "DEBUG $(inherited)";
				SWIFT_OPTIMIZATION_LEVEL = "-Onone";
			};
			name = Debug;
		};
		A38B6FA72E333DCF00BEB054 /* Release */ = {
			isa = XCBuildConfiguration;
			buildSettings = {
				ALWAYS_SEARCH_USER_PATHS = NO;
				ASSETCATALOG_COMPILER_GENERATE_SWIFT_ASSET_SYMBOL_EXTENSIONS = YES;
				CLANG_ANALYZER_NONNULL = YES;
				CLANG_ANALYZER_NUMBER_OBJECT_CONVERSION = YES_AGGRESSIVE;
				CLANG_CXX_LANGUAGE_STANDARD = "gnu++20";
				CLANG_ENABLE_MODULES = YES;
				CLANG_ENABLE_OBJC_ARC = YES;
				CLANG_ENABLE_OBJC_WEAK = YES;
				CLANG_WARN_BLOCK_CAPTURE_AUTORELEASING = YES;
				CLANG_WARN_BOOL_CONVERSION = YES;
				CLANG_WARN_COMMA = YES;
				CLANG_WARN_CONSTANT_CONVERSION = YES;
				CLANG_WARN_DEPRECATED_OBJC_IMPLEMENTATIONS = YES;
				CLANG_WARN_DIRECT_OBJC_ISA_USAGE = YES_ERROR;
				CLANG_WARN_DOCUMENTATION_COMMENTS = YES;
				CLANG_WARN_EMPTY_BODY = YES;
				CLANG_WARN_ENUM_CONVERSION = YES;
				CLANG_WARN_INFINITE_RECURSION = YES;
				CLANG_WARN_INT_CONVERSION = YES;
				CLANG_WARN_NON_LITERAL_NULL_CONVERSION = YES;
				CLANG_WARN_OBJC_IMPLICIT_RETAIN_SELF = YES;
				CLANG_WARN_OBJC_LITERAL_CONVERSION = YES;
				CLANG_WARN_OBJC_ROOT_CLASS = YES_ERROR;
				CLANG_WARN_QUOTED_INCLUDE_IN_FRAMEWORK_HEADER = YES;
				CLANG_WARN_RANGE_LOOP_ANALYSIS = YES;
				CLANG_WARN_STRICT_PROTOTYPES = YES;
				CLANG_WARN_SUSPICIOUS_MOVE = YES;
				CLANG_WARN_UNGUARDED_AVAILABILITY = YES_AGGRESSIVE;
				CLANG_WARN_UNREACHABLE_CODE = YES;
				CLANG_WARN__DUPLICATE_METHOD_MATCH = YES;
				COPY_PHASE_STRIP = NO;
				DEBUG_INFORMATION_FORMAT = "dwarf-with-dsym";
				ENABLE_NS_ASSERTIONS = NO;
				ENABLE_STRICT_OBJC_MSGSEND = YES;
				ENABLE_USER_SCRIPT_SANDBOXING = YES;
				GCC_C_LANGUAGE_STANDARD = gnu17;
				GCC_NO_COMMON_BLOCKS = YES;
				GCC_WARN_64_TO_32_BIT_CONVERSION = YES;
				GCC_WARN_ABOUT_RETURN_TYPE = YES_ERROR;
				GCC_WARN_UNDECLARED_SELECTOR = YES;
				GCC_WARN_UNINITIALIZED_AUTOS = YES_AGGRESSIVE;
				GCC_WARN_UNUSED_FUNCTION = YES;
				GCC_WARN_UNUSED_VARIABLE = YES;
				IPHONEOS_DEPLOYMENT_TARGET = 18.5;
				LOCALIZATION_PREFERS_STRING_CATALOGS = YES;
				MTL_ENABLE_DEBUG_INFO = NO;
				MTL_FAST_MATH = YES;
				SDKROOT = iphoneos;
				SWIFT_COMPILATION_MODE = wholemodule;
				VALIDATE_PRODUCT = YES;
			};
			name = Release;
		};
/* End XCBuildConfiguration section */

/* Begin XCConfigurationList section */
		A38B6F882E333DCD00BEB054 /* Build configuration list for PBXProject "MixtdAI" */ = {
			isa = XCConfigurationList;
			buildConfigurations = (
				A38B6FA62E333DCF00BEB054 /* Debug */,
				A38B6FA72E333DCF00BEB054 /* Release */,
			);
			defaultConfigurationIsVisible = 0;
			defaultConfigurationName = Release;
		};
		A38B6FA32E333DCF00BEB054 /* Build configuration list for PBXNativeTarget "MixtdAI" */ = {
			isa = XCConfigurationList;
			buildConfigurations = (
				A38B6FA42E333DCF00BEB054 /* Debug */,
				A38B6FA52E333DCF00BEB054 /* Release */,
			);
			defaultConfigurationIsVisible = 0;
			defaultConfigurationName = Release;
		};
/* End XCConfigurationList section */

/* Begin XCVersionGroup section */
		A3986D742E363917009C6F14 /* MixtdAI.xcdatamodeld */ = {
			isa = XCVersionGroup;
			children = (
				A3986D772E363917009C6F14 /* MixtdAI.xcdatamodel */,
			);
			currentVersion = A3986D772E363917009C6F14 /* MixtdAI.xcdatamodel */;
			path = MixtdAI.xcdatamodeld;
			sourceTree = "<group>";
			versionGroupType = wrapper.xcdatamodel;
		};
/* End XCVersionGroup section */
	};
	rootObject = A38B6F852E333DCD00BEB054 /* Project object */;
}
